<?xml version="1.0" encoding="utf-8"?>
<Project ToolsVersion="4.0" xmlns="http://schemas.microsoft.com/developer/msbuild/2003">
  <ItemGroup>
    <ClCompile Include="bridge.cpp">
      <Filter>Source Files</Filter>
    </ClCompile>
    <ClCompile Include="io.cpp">
      <Filter>Source Files</Filter>
    </ClCompile>
    <ClCompile Include="inbox.cpp">
      <Filter>Source Files</Filter>
    </ClCompile>
    <ClCompile Include="msg.cpp">
      <Filter>Source Files</Filter>
    </ClCompile>
    <ClCompile Include="queue.cpp">
      <Filter>Source Files</Filter>
    </ClCompile>
    <ClCompile Include="publisher.cpp">
      <Filter>Source Files</Filter>
    </ClCompile>
    <ClCompile Include="subscription.cpp">
      <Filter>Source Files</Filter>
    </ClCompile>
    <ClCompile Include="timer.cpp">
      <Filter>Source Files</Filter>
    </ClCompile>
    <ClCompile Include="transport.cpp">
      <Filter>Source Files</Filter>
    </ClCompile>
    <ClCompile Include="UPAConsumer.cpp">
      <Filter>Source Files</Filter>
    </ClCompile>
    <ClCompile Include="UPALogin.cpp">
      <Filter>Source Files</Filter>
    </ClCompile>
    <ClCompile Include="UPASourceDirectory.cpp">
      <Filter>Source Files</Filter>
    </ClCompile>
    <ClCompile Include="UPADictionary.cpp">
      <Filter>Source Files</Filter>
    </ClCompile>
    <ClCompile Include="UPADictionary.cpp">
      <Filter>Source Files</Filter>
    </ClCompile>
    <ClCompile Include="RMDSSubscriber.cpp">
      <Filter>Source Files</Filter>
    </ClCompile>
    <ClCompile Include="UPADictionaryWrapper.cpp">
      <Filter>Source Files</Filter>
    </ClCompile>
    <ClCompile Include="RMDSSource.cpp">
      <Filter>Source Files</Filter>
    </ClCompile>
    <ClCompile Include="UPASubscription.cpp">
      <Filter>Source Files</Filter>
    </ClCompile>
    <ClCompile Include="UPAStreamManager.cpp">
      <Filter>Source Files</Filter>
    </ClCompile>
    <ClCompile Include="ToMamaFieldType.cpp">
      <Filter>Source Files</Filter>
    </ClCompile>
    <ClCompile Include="UPABookMessage.cpp">
      <Filter>Source Files</Filter>
    </ClCompile>
    <ClCompile Include="RMDSFileSystem.cpp">
      <Filter>Source Files</Filter>
    </ClCompile>
    <ClCompile Include="UPADecodeUtils.cpp">
      <Filter>Source Files</Filter>
    </ClCompile>
    <ClCompile Include="RMDSBridgeSubscription.cpp">
      <Filter>Source Files</Filter>
    </ClCompile>
    <ClCompile Include="UPATransportNotifier.cpp">
      <Filter>Source Files</Filter>
    </ClCompile>
    <ClCompile Include="UPAMamaFieldMap.cpp">
      <Filter>Source Files</Filter>
    </ClCompile>
    <ClCompile Include="UPAAsMamaFieldType.cpp">
      <Filter>Source Files</Filter>
    </ClCompile>
    <ClCompile Include="UPAMessage.cpp">
      <Filter>Source Files</Filter>
    </ClCompile>
    <ClCompile Include="UPABridgePoster.cpp">
      <Filter>Source Files</Filter>
    </ClCompile>
    <ClCompile Include="UPAPostManager.cpp">
      <Filter>Source Files</Filter>
    </ClCompile>
    <ClCompile Include="RMDSPublisher.cpp">
      <Filter>Source Files</Filter>
    </ClCompile>
    <ClCompile Include="UPAProvider.cpp">
      <Filter>Source Files</Filter>
    </ClCompile>
    <ClCompile Include="RMDSPublisherSource.cpp">
      <Filter>Source Files</Filter>
    </ClCompile>
    <ClCompile Include="UPAPublisherItem.cpp">
      <Filter>Source Files</Filter>
    </ClCompile>
    <ClCompile Include="RMDSConnectionConfig.cpp">
      <Filter>Source Files</Filter>
    </ClCompile>
    <ClCompile Include="RMDSNIPublisher.cpp">
      <Filter>Source Files</Filter>
    </ClCompile>
    <ClCompile Include="UPANIProvider.cpp">
      <Filter>Source Files</Filter>
    </ClCompile>
    <ClCompile Include="StatisticsLogger.cpp">
      <Filter>Source Files</Filter>
    </ClCompile>
    <ClCompile Include="RMDSSources.cpp">
      <Filter>Source Files</Filter>
    </ClCompile>
    <ClCompile Include="UPAFieldDecoder.cpp">
      <Filter>Source Files</Filter>
    </ClCompile>
    <ClCompile Include="UPAMamaCommonFields.cpp">
      <Filter>Source Files</Filter>
    </ClCompile>
    <ClCompile Include="stdafx.cpp">
      <Filter>Source Files</Filter>
    </ClCompile>
    <ClCompile Include="UPAFieldEncoder.cpp">
      <Filter>Source Files</Filter>
    </ClCompile>
  </ItemGroup>
  <ItemGroup>
    <ClInclude Include="tick42rmdsbridgefunctions.h">
      <Filter>Header Files</Filter>
    </ClInclude>
    <ClInclude Include="UPAConsumer.h">
      <Filter>Header Files</Filter>
    </ClInclude>
    <ClInclude Include="UPALogin.h">
      <Filter>Header Files</Filter>
    </ClInclude>
    <ClInclude Include="UPASourceDirectory.h">
      <Filter>Header Files</Filter>
    </ClInclude>
    <ClInclude Include="UPADictionary.h">
      <Filter>Header Files</Filter>
    </ClInclude>
    <ClInclude Include="UPADictionaryWrapper.h">
      <Filter>Header Files</Filter>
    </ClInclude>
    <ClInclude Include="rmdsdefs.h">
      <Filter>Header Files</Filter>
    </ClInclude>
    <ClInclude Include="RMDSBridgeImpl.h">
      <Filter>Header Files</Filter>
    </ClInclude>
    <ClInclude Include="RMDSSubscriber.h">
      <Filter>Header Files</Filter>
    </ClInclude>
    <ClInclude Include="inbox.h">
      <Filter>Header Files</Filter>
    </ClInclude>
    <ClInclude Include="transport.h">
      <Filter>Header Files</Filter>
    </ClInclude>
    <ClInclude Include="RMDSSource.h">
      <Filter>Header Files</Filter>
    </ClInclude>
    <ClInclude Include="UPASubscription.h">
      <Filter>Header Files</Filter>
    </ClInclude>
    <ClInclude Include="transportconfig.h">
      <Filter>Header Files</Filter>
    </ClInclude>
    <ClInclude Include="UPAStreamManager.h">
      <Filter>Header Files</Filter>
    </ClInclude>
    <ClInclude Include="ToMamaFieldType.h">
      <Filter>Header Files</Filter>
    </ClInclude>
    <ClInclude Include="DictionaryReply.h">
      <Filter>Header Files</Filter>
    </ClInclude>
    <ClInclude Include="rmdsBridgeTypes.h">
      <Filter>Header Files</Filter>
    </ClInclude>
    <ClInclude Include="UPADecodeUtils.h">
      <Filter>Header Files</Filter>
    </ClInclude>
    <ClInclude Include="RMDSFileSystem.h">
      <Filter>Header Files</Filter>
    </ClInclude>
    <ClInclude Include="UPABookMessage.h">
      <Filter>Header Files</Filter>
    </ClInclude>
    <ClInclude Include="RMDSBridgeSubscription.h">
      <Filter>Header Files</Filter>
    </ClInclude>
    <ClInclude Include="SubscriptionResponseListener.h">
      <Filter>Header Files</Filter>
    </ClInclude>
    <ClInclude Include="UPATransportNotifier.h">
      <Filter>Header Files</Filter>
    </ClInclude>
    <ClInclude Include="UPAMamaFieldMap.h">
      <Filter>Header Files</Filter>
    </ClInclude>
    <ClInclude Include="UPAAsMamaFieldType.h">
      <Filter>Header Files</Filter>
    </ClInclude>
    <ClInclude Include="UPAAsMamaFieldTypeEnum.h">
      <Filter>Header Files</Filter>
    </ClInclude>
    <ClInclude Include="UPAMessage.h">
      <Filter>Header Files</Filter>
    </ClInclude>
    <ClInclude Include="UPABridgePoster.h">
      <Filter>Header Files</Filter>
    </ClInclude>
    <ClInclude Include="UPAPostManager.h">
      <Filter>Header Files</Filter>
    </ClInclude>
    <ClInclude Include="RMDSPublisher.h">
      <Filter>Header Files</Filter>
    </ClInclude>
    <ClInclude Include="UPAProvider.h">
      <Filter>Header Files</Filter>
    </ClInclude>
    <ClInclude Include="RMDSPublisherSource.h">
      <Filter>Header Files</Filter>
    </ClInclude>
    <ClInclude Include="UPAPublisherNewItemRequest.h">
      <Filter>Header Files</Filter>
    </ClInclude>
    <ClInclude Include="msg.h">
      <Filter>Header Files</Filter>
    </ClInclude>
    <ClInclude Include="UPAPublisherItem.h">
      <Filter>Header Files</Filter>
    </ClInclude>
    <ClInclude Include="RMDSConnectionConfig.h">
      <Filter>Header Files</Filter>
    </ClInclude>
    <ClInclude Include="resource.h" />
    <ClInclude Include="RMDSNIPublisher.h">
      <Filter>Header Files</Filter>
    </ClInclude>
    <ClInclude Include="UPANIProvider.h">
      <Filter>Header Files</Filter>
    </ClInclude>
    <ClInclude Include="ConnectionListener.h">
      <Filter>Header Files</Filter>
    </ClInclude>
    <ClInclude Include="SourceDirectoryResponseListener.h">
      <Filter>Header Files</Filter>
    </ClInclude>
    <ClInclude Include="SourceDirectoryTypes.h">
      <Filter>Header Files</Filter>
    </ClInclude>
    <ClInclude Include="RMDSPublisherBase.h">
      <Filter>Header Files</Filter>
    </ClInclude>
    <ClInclude Include="StatisticsLogger.h">
      <Filter>Header Files</Filter>
    </ClInclude>
    <ClInclude Include="RMDSSources.h">
      <Filter>Header Files</Filter>
    </ClInclude>
    <ClInclude Include="version.h">
      <Filter>Header Files</Filter>
    </ClInclude>
    <ClInclude Include="UPAFieldDecoder.h">
      <Filter>Header Files</Filter>
    </ClInclude>
    <ClInclude Include="UPAMamaCommonFields.h">
      <Filter>Header Files</Filter>
    </ClInclude>
    <ClInclude Include="stdafx.h">
      <Filter>Header Files</Filter>
    </ClInclude>
    <ClInclude Include="UPAFieldEncoder.h">
      <Filter>Header Files</Filter>
    </ClInclude>
  </ItemGroup>
  <ItemGroup>
    <None Include="fieldmap.csv">
      <Filter>Other Files</Filter>
    </None>
    <None Include="mama.properties">
      <Filter>Other Files</Filter>
    </None>
    <None Include="mamalistenc.cmd">
      <Filter>Other Files</Filter>
    </None>
    <None Include="UpdateLibs.cmd">
      <Filter>Scripts</Filter>
    </None>
    <None Include="UpdateLibsRelease64.cmd">
      <Filter>Scripts</Filter>
    </None>
    <None Include="UpdateLibs64.cmd">
      <Filter>Scripts</Filter>
    </None>
    <None Include="UpdateLibsRelease.cmd">
      <Filter>Scripts</Filter>
    </None>
    <None Include="CMakeLists.txt">
      <Filter>CMake</Filter>
    </None>
    <None Include="config.h.in">
      <Filter>CMake</Filter>
    </None>
  </ItemGroup>
  <ItemGroup>
    <Filter Include="Header Files">
      <UniqueIdentifier>{6877232a-0d92-46da-8329-6fbca4d0e7fa}</UniqueIdentifier>
    </Filter>
    <Filter Include="Source Files">
      <UniqueIdentifier>{17ac261d-729c-4962-921a-253aa4776ae7}</UniqueIdentifier>
    </Filter>
    <Filter Include="Scripts">
      <UniqueIdentifier>{ae4980d3-c7a6-49b8-acf3-845f8977ff63}</UniqueIdentifier>
    </Filter>
    <Filter Include="Other Files">
      <UniqueIdentifier>{ce6b8f31-613d-474c-9b84-fd869ff2f1c1}</UniqueIdentifier>
    </Filter>
    <Filter Include="CMake">
      <UniqueIdentifier>{8017e720-dffc-44e8-a381-8122d6f49c4c}</UniqueIdentifier>
    </Filter>
  </ItemGroup>
  <ItemGroup>
    <ResourceCompile Include="tick42rmds.rc" />
  </ItemGroup>
</Project>