<?xml version="1.0" encoding="utf-8"?>
<Project ToolsVersion="4.0" xmlns="http://schemas.microsoft.com/developer/msbuild/2003">
  <ItemGroup>
    <ClCompile Include="MamaDateTimeWrapper.cpp">
      <Filter>Source Files</Filter>
    </ClCompile>
    <ClCompile Include="MamaMsgWrapper.cpp">
      <Filter>Source Files</Filter>
    </ClCompile>
    <ClCompile Include="MamaPriceWrapper.cpp">
      <Filter>Source Files</Filter>
    </ClCompile>
    <ClCompile Include="upamsgimpl.cpp">
      <Filter>Source Files</Filter>
    </ClCompile>
    <ClCompile Include="upamsgutils.cpp">
      <Filter>Source Files</Filter>
    </ClCompile>
    <ClCompile Include="upapayloadimpl.cpp">
      <Filter>Source Files</Filter>
    </ClCompile>
    <ClCompile Include="stdafx.cpp">
      <Filter>Source Files</Filter>
    </ClCompile>
  </ItemGroup>
  <ItemGroup>
    <ClInclude Include="MamaDateTimeWrapper.h">
      <Filter>Header Files</Filter>
    </ClInclude>
    <ClInclude Include="MamaMsgWrapper.h">
      <Filter>Header Files</Filter>
    </ClInclude>
    <ClInclude Include="MamaPriceWrapper.h">
      <Filter>Header Files</Filter>
    </ClInclude>
    <ClInclude Include="resource_enhanced.h">
      <Filter>Header Files</Filter>
    </ClInclude>
    <ClInclude Include="upafieldpayload.h">
      <Filter>Header Files</Filter>
    </ClInclude>
    <ClInclude Include="upamsgimpl.h">
      <Filter>Header Files</Filter>
    </ClInclude>
    <ClInclude Include="upamsgutils.h">
      <Filter>Header Files</Filter>
    </ClInclude>
    <ClInclude Include="upapayload.h">
      <Filter>Header Files</Filter>
    </ClInclude>
    <ClInclude Include="upapayloadimpl.h">
      <Filter>Header Files</Filter>
    </ClInclude>
    <ClInclude Include="upavaluetype.h">
      <Filter>Header Files</Filter>
    </ClInclude>
    <ClInclude Include="stdafx.h">
      <Filter>Header Files</Filter>
    </ClInclude>
  </ItemGroup>
  <ItemGroup>
    <ResourceCompile Include="tick42rmdsmsg_enhanced.rc" />
  </ItemGroup>
  <ItemGroup>
    <None Include="CMakeLists.txt" />
    <None Include="config.h.in" />
  </ItemGroup>
  <ItemGroup>
    <Filter Include="Header Files">
      <UniqueIdentifier>{d3729d21-98d2-4487-b8dd-d5486ccc4abb}</UniqueIdentifier>
      <Extensions>*.h</Extensions>
    </Filter>
    <Filter Include="Source Files">
      <UniqueIdentifier>{9c15751e-06ae-442a-a135-136acfce6149}</UniqueIdentifier>
      <Extensions>*.cpp</Extensions>
    </Filter>
  </ItemGroup>
</Project>